
Microsoft Visual Studio Solution File, Format Version 12.00
# Visual Studio Version 17
VisualStudioVersion = 17.10.35027.167
MinimumVisualStudioVersion = 10.0.40219.1
Project("{FAE04EC0-301F-11D3-BF4B-00C04F79EFBC}") = "BasicCalculator_Fangon", "BasicCalculator_Fangon\BasicCalculator_Fangon.csproj", "{663C032A-0825-413C-BAB3-A139D3206DB1}"
EndProject
Project("{FAE04EC0-301F-11D3-BF4B-00C04F79EFBC}") = "CalculatorPrivateAssembly", "CalculatorPrivateAssembly\CalculatorPrivateAssembly.csproj", "{26495701-2E53-44A2-8B2D-22B15F05A444}"
EndProject
Global
	GlobalSection(SolutionConfigurationPlatforms) = preSolution
		Debug|Any CPU = Debug|Any CPU
		Release|Any CPU = Release|Any CPU
	EndGlobalSection
	GlobalSection(ProjectConfigurationPlatforms) = postSolution
		{663C032A-0825-413C-BAB3-A139D3206DB1}.Debug|Any CPU.ActiveCfg = Debug|Any CPU
		{663C032A-0825-413C-BAB3-A139D3206DB1}.Debug|Any CPU.Build.0 = Debug|Any CPU
		{663C032A-0825-413C-BAB3-A139D3206DB1}.Release|Any CPU.ActiveCfg = Release|Any CPU
		{663C032A-0825-413C-BAB3-A139D3206DB1}.Release|Any CPU.Build.0 = Release|Any CPU
		{26495701-2E53-44A2-8B2D-22B15F05A444}.Debug|Any CPU.ActiveCfg = Debug|Any CPU
		{26495701-2E53-44A2-8B2D-22B15F05A444}.Debug|Any CPU.Build.0 = Debug|Any CPU
		{26495701-2E53-44A2-8B2D-22B15F05A444}.Release|Any CPU.ActiveCfg = Release|Any CPU
		{26495701-2E53-44A2-8B2D-22B15F05A444}.Release|Any CPU.Build.0 = Release|Any CPU
	EndGlobalSection
	GlobalSection(SolutionProperties) = preSolution
		HideSolutionNode = FALSE
	EndGlobalSection
	GlobalSection(ExtensibilityGlobals) = postSolution
		SolutionGuid = {2FE754C5-9599-4A05-8321-15CD0CA7A242}
	EndGlobalSection
EndGlobal
